// !$*UTF8*$!
{
	archiveVersion = 1;
	classes = {
	};
	objectVersion = 55;
	objects = {

/* Begin PBXBuildFile section */
		A549905C27AE871000C2B535 /* AppDelegate.swift in Sources */ = {isa = PBXBuildFile; fileRef = A549905B27AE871000C2B535 /* AppDelegate.swift */; };
		A549905E27AE871000C2B535 /* SceneDelegate.swift in Sources */ = {isa = PBXBuildFile; fileRef = A549905D27AE871000C2B535 /* SceneDelegate.swift */; };
		A549906027AE871000C2B535 /* ConversationsViewController.swift in Sources */ = {isa = PBXBuildFile; fileRef = A549905F27AE871000C2B535 /* ConversationsViewController.swift */; };
		A549906327AE871000C2B535 /* Main.storyboard in Resources */ = {isa = PBXBuildFile; fileRef = A549906127AE871000C2B535 /* Main.storyboard */; };
		A549906527AE871900C2B535 /* Assets.xcassets in Resources */ = {isa = PBXBuildFile; fileRef = A549906427AE871900C2B535 /* Assets.xcassets */; };
		A549906827AE871900C2B535 /* LaunchScreen.storyboard in Resources */ = {isa = PBXBuildFile; fileRef = A549906627AE871900C2B535 /* LaunchScreen.storyboard */; };
		A549907627AE8B1800C2B535 /* LoginViewController.swift in Sources */ = {isa = PBXBuildFile; fileRef = A549907527AE8B1800C2B535 /* LoginViewController.swift */; };
		A549907827AE8BDF00C2B535 /* RegisterViewController.swift in Sources */ = {isa = PBXBuildFile; fileRef = A549907727AE8BDF00C2B535 /* RegisterViewController.swift */; };
		A549907A27AE8C1100C2B535 /* PhotoViewerViewController.swift in Sources */ = {isa = PBXBuildFile; fileRef = A549907927AE8C1100C2B535 /* PhotoViewerViewController.swift */; };
		A549907C27AE8C4E00C2B535 /* VideoPlayerViewController.swift in Sources */ = {isa = PBXBuildFile; fileRef = A549907B27AE8C4E00C2B535 /* VideoPlayerViewController.swift */; };
		A549907E27AE8C5F00C2B535 /* NewConversationViewController.swift in Sources */ = {isa = PBXBuildFile; fileRef = A549907D27AE8C5F00C2B535 /* NewConversationViewController.swift */; };
		A549908027AE8C8A00C2B535 /* ProfileViewController.swift in Sources */ = {isa = PBXBuildFile; fileRef = A549907F27AE8C8A00C2B535 /* ProfileViewController.swift */; };
/* End PBXBuildFile section */

/* Begin PBXFileReference section */
		A549905827AE871000C2B535 /* Messenger.app */ = {isa = PBXFileReference; explicitFileType = wrapper.application; includeInIndex = 0; path = Messenger.app; sourceTree = BUILT_PRODUCTS_DIR; };
		A549905B27AE871000C2B535 /* AppDelegate.swift */ = {isa = PBXFileReference; lastKnownFileType = sourcecode.swift; path = AppDelegate.swift; sourceTree = "<group>"; };
		A549905D27AE871000C2B535 /* SceneDelegate.swift */ = {isa = PBXFileReference; lastKnownFileType = sourcecode.swift; path = SceneDelegate.swift; sourceTree = "<group>"; };
		A549905F27AE871000C2B535 /* ConversationsViewController.swift */ = {isa = PBXFileReference; lastKnownFileType = sourcecode.swift; path = ConversationsViewController.swift; sourceTree = "<group>"; };
		A549906227AE871000C2B535 /* Base */ = {isa = PBXFileReference; lastKnownFileType = file.storyboard; name = Base; path = Base.lproj/Main.storyboard; sourceTree = "<group>"; };
		A549906427AE871900C2B535 /* Assets.xcassets */ = {isa = PBXFileReference; lastKnownFileType = folder.assetcatalog; path = Assets.xcassets; sourceTree = "<group>"; };
		A549906727AE871900C2B535 /* Base */ = {isa = PBXFileReference; lastKnownFileType = file.storyboard; name = Base; path = Base.lproj/LaunchScreen.storyboard; sourceTree = "<group>"; };
		A549906927AE871900C2B535 /* Info.plist */ = {isa = PBXFileReference; lastKnownFileType = text.plist.xml; path = Info.plist; sourceTree = "<group>"; };
		A549907527AE8B1800C2B535 /* LoginViewController.swift */ = {isa = PBXFileReference; lastKnownFileType = sourcecode.swift; path = LoginViewController.swift; sourceTree = "<group>"; };
		A549907727AE8BDF00C2B535 /* RegisterViewController.swift */ = {isa = PBXFileReference; lastKnownFileType = sourcecode.swift; path = RegisterViewController.swift; sourceTree = "<group>"; };
		A549907927AE8C1100C2B535 /* PhotoViewerViewController.swift */ = {isa = PBXFileReference; lastKnownFileType = sourcecode.swift; path = PhotoViewerViewController.swift; sourceTree = "<group>"; };
		A549907B27AE8C4E00C2B535 /* VideoPlayerViewController.swift */ = {isa = PBXFileReference; lastKnownFileType = sourcecode.swift; path = VideoPlayerViewController.swift; sourceTree = "<group>"; };
		A549907D27AE8C5F00C2B535 /* NewConversationViewController.swift */ = {isa = PBXFileReference; lastKnownFileType = sourcecode.swift; path = NewConversationViewController.swift; sourceTree = "<group>"; };
		A549907F27AE8C8A00C2B535 /* ProfileViewController.swift */ = {isa = PBXFileReference; lastKnownFileType = sourcecode.swift; path = ProfileViewController.swift; sourceTree = "<group>"; };
/* End PBXFileReference section */

/* Begin PBXFrameworksBuildPhase section */
		A549905527AE871000C2B535 /* Frameworks */ = {
			isa = PBXFrameworksBuildPhase;
			buildActionMask = 2147483647;
			files = (
			);
			runOnlyForDeploymentPostprocessing = 0;
		};
/* End PBXFrameworksBuildPhase section */

/* Begin PBXGroup section */
		A549904F27AE871000C2B535 = {
			isa = PBXGroup;
			children = (
				A549905A27AE871000C2B535 /* Messenger */,
				A549905927AE871000C2B535 /* Products */,
			);
			sourceTree = "<group>";
		};
		A549905927AE871000C2B535 /* Products */ = {
			isa = PBXGroup;
			children = (
				A549905827AE871000C2B535 /* Messenger.app */,
			);
			name = Products;
			sourceTree = "<group>";
		};
		A549905A27AE871000C2B535 /* Messenger */ = {
			isa = PBXGroup;
			children = (
				A549907327AE895D00C2B535 /* Resources */,
				A549907227AE894D00C2B535 /* ViewModels */,
				A549907127AE893D00C2B535 /* Models */,
				A549907027AE892F00C2B535 /* Views */,
				A549906F27AE891C00C2B535 /* Controllers */,
				A549906927AE871900C2B535 /* Info.plist */,
			);
			path = Messenger;
			sourceTree = "<group>";
		};
		A549906F27AE891C00C2B535 /* Controllers */ = {
			isa = PBXGroup;
			children = (
				A549905F27AE871000C2B535 /* ConversationsViewController.swift */,
				A549907527AE8B1800C2B535 /* LoginViewController.swift */,
				A549907727AE8BDF00C2B535 /* RegisterViewController.swift */,
				A549907927AE8C1100C2B535 /* PhotoViewerViewController.swift */,
				A549907B27AE8C4E00C2B535 /* VideoPlayerViewController.swift */,
				A549907D27AE8C5F00C2B535 /* NewConversationViewController.swift */,
				A549907F27AE8C8A00C2B535 /* ProfileViewController.swift */,
			);
			path = Controllers;
			sourceTree = "<group>";
		};
		A549907027AE892F00C2B535 /* Views */ = {
			isa = PBXGroup;
			children = (
				A549907427AE89A900C2B535 /* Storyboards */,
				A549906427AE871900C2B535 /* Assets.xcassets */,
			);
			path = Views;
			sourceTree = "<group>";
		};
		A549907127AE893D00C2B535 /* Models */ = {
			isa = PBXGroup;
			children = (
			);
			path = Models;
			sourceTree = "<group>";
		};
		A549907227AE894D00C2B535 /* ViewModels */ = {
			isa = PBXGroup;
			children = (
			);
			path = ViewModels;
			sourceTree = "<group>";
		};
		A549907327AE895D00C2B535 /* Resources */ = {
			isa = PBXGroup;
			children = (
				A549905B27AE871000C2B535 /* AppDelegate.swift */,
				A549905D27AE871000C2B535 /* SceneDelegate.swift */,
			);
			path = Resources;
			sourceTree = "<group>";
		};
		A549907427AE89A900C2B535 /* Storyboards */ = {
			isa = PBXGroup;
			children = (
				A549906127AE871000C2B535 /* Main.storyboard */,
				A549906627AE871900C2B535 /* LaunchScreen.storyboard */,
			);
			path = Storyboards;
			sourceTree = "<group>";
		};
/* End PBXGroup section */

/* Begin PBXNativeTarget section */
		A549905727AE871000C2B535 /* Messenger */ = {
			isa = PBXNativeTarget;
			buildConfigurationList = A549906C27AE871900C2B535 /* Build configuration list for PBXNativeTarget "Messenger" */;
			buildPhases = (
				A549905427AE871000C2B535 /* Sources */,
				A549905527AE871000C2B535 /* Frameworks */,
				A549905627AE871000C2B535 /* Resources */,
			);
			buildRules = (
			);
			dependencies = (
			);
			name = Messenger;
			productName = Messenger;
			productReference = A549905827AE871000C2B535 /* Messenger.app */;
			productType = "com.apple.product-type.application";
		};
/* End PBXNativeTarget section */

/* Begin PBXProject section */
		A549905027AE871000C2B535 /* Project object */ = {
			isa = PBXProject;
			attributes = {
				BuildIndependentTargetsInParallel = 1;
				LastSwiftUpdateCheck = 1300;
				LastUpgradeCheck = 1300;
				TargetAttributes = {
					A549905727AE871000C2B535 = {
						CreatedOnToolsVersion = 13.0;
					};
				};
			};
			buildConfigurationList = A549905327AE871000C2B535 /* Build configuration list for PBXProject "Messenger" */;
			compatibilityVersion = "Xcode 13.0";
			developmentRegion = en;
			hasScannedForEncodings = 0;
			knownRegions = (
				en,
				Base,
			);
			mainGroup = A549904F27AE871000C2B535;
			productRefGroup = A549905927AE871000C2B535 /* Products */;
			projectDirPath = "";
			projectRoot = "";
			targets = (
				A549905727AE871000C2B535 /* Messenger */,
			);
		};
/* End PBXProject section */

/* Begin PBXResourcesBuildPhase section */
		A549905627AE871000C2B535 /* Resources */ = {
			isa = PBXResourcesBuildPhase;
			buildActionMask = 2147483647;
			files = (
				A549906827AE871900C2B535 /* LaunchScreen.storyboard in Resources */,
				A549906527AE871900C2B535 /* Assets.xcassets in Resources */,
				A549906327AE871000C2B535 /* Main.storyboard in Resources */,
			);
			runOnlyForDeploymentPostprocessing = 0;
		};
/* End PBXResourcesBuildPhase section */

/* Begin PBXSourcesBuildPhase section */
		A549905427AE871000C2B535 /* Sources */ = {
			isa = PBXSourcesBuildPhase;
			buildActionMask = 2147483647;
			files = (
				A549907627AE8B1800C2B535 /* LoginViewController.swift in Sources */,
				A549907827AE8BDF00C2B535 /* RegisterViewController.swift in Sources */,
				A549907E27AE8C5F00C2B535 /* NewConversationViewController.swift in Sources */,
				A549906027AE871000C2B535 /* ConversationsViewController.swift in Sources */,
				A549907C27AE8C4E00C2B535 /* VideoPlayerViewController.swift in Sources */,
				A549905C27AE871000C2B535 /* AppDelegate.swift in Sources */,
				A549908027AE8C8A00C2B535 /* ProfileViewController.swift in Sources */,
				A549905E27AE871000C2B535 /* SceneDelegate.swift in Sources */,
				A549907A27AE8C1100C2B535 /* PhotoViewerViewController.swift in Sources */,
			);
			runOnlyForDeploymentPostprocessing = 0;
		};
/* End PBXSourcesBuildPhase section */

/* Begin PBXVariantGroup section */
		A549906127AE871000C2B535 /* Main.storyboard */ = {
			isa = PBXVariantGroup;
			children = (
				A549906227AE871000C2B535 /* Base */,
			);
			name = Main.storyboard;
			sourceTree = "<group>";
		};
		A549906627AE871900C2B535 /* LaunchScreen.storyboard */ = {
			isa = PBXVariantGroup;
			children = (
				A549906727AE871900C2B535 /* Base */,
			);
			name = LaunchScreen.storyboard;
			sourceTree = "<group>";
		};
/* End PBXVariantGroup section */

/* Begin XCBuildConfiguration section */
		A549906A27AE871900C2B535 /* Debug */ = {
			isa = XCBuildConfiguration;
			buildSettings = {
				ALWAYS_SEARCH_USER_PATHS = NO;
				CLANG_ANALYZER_NONNULL = YES;
				CLANG_ANALYZER_NUMBER_OBJECT_CONVERSION = YES_AGGRESSIVE;
				CLANG_CXX_LANGUAGE_STANDARD = "gnu++17";
				CLANG_CXX_LIBRARY = "libc++";
				CLANG_ENABLE_MODULES = YES;
				CLANG_ENABLE_OBJC_ARC = YES;
				CLANG_ENABLE_OBJC_WEAK = YES;
				CLANG_WARN_BLOCK_CAPTURE_AUTORELEASING = YES;
				CLANG_WARN_BOOL_CONVERSION = YES;
				CLANG_WARN_COMMA = YES;
				CLANG_WARN_CONSTANT_CONVERSION = YES;
				CLANG_WARN_DEPRECATED_OBJC_IMPLEMENTATIONS = YES;
				CLANG_WARN_DIRECT_OBJC_ISA_USAGE = YES_ERROR;
				CLANG_WARN_DOCUMENTATION_COMMENTS = YES;
				CLANG_WARN_EMPTY_BODY = YES;
				CLANG_WARN_ENUM_CONVERSION = YES;
				CLANG_WARN_INFINITE_RECURSION = YES;
				CLANG_WARN_INT_CONVERSION = YES;
				CLANG_WARN_NON_LITERAL_NULL_CONVERSION = YES;
				CLANG_WARN_OBJC_IMPLICIT_RETAIN_SELF = YES;
				CLANG_WARN_OBJC_LITERAL_CONVERSION = YES;
				CLANG_WARN_OBJC_ROOT_CLASS = YES_ERROR;
				CLANG_WARN_QUOTED_INCLUDE_IN_FRAMEWORK_HEADER = YES;
				CLANG_WARN_RANGE_LOOP_ANALYSIS = YES;
				CLANG_WARN_STRICT_PROTOTYPES = YES;
				CLANG_WARN_SUSPICIOUS_MOVE = YES;
				CLANG_WARN_UNGUARDED_AVAILABILITY = YES_AGGRESSIVE;
				CLANG_WARN_UNREACHABLE_CODE = YES;
				CLANG_WARN__DUPLICATE_METHOD_MATCH = YES;
				COPY_PHASE_STRIP = NO;
				DEBUG_INFORMATION_FORMAT = dwarf;
				ENABLE_STRICT_OBJC_MSGSEND = YES;
				ENABLE_TESTABILITY = YES;
				GCC_C_LANGUAGE_STANDARD = gnu11;
				GCC_DYNAMIC_NO_PIC = NO;
				GCC_NO_COMMON_BLOCKS = YES;
				GCC_OPTIMIZATION_LEVEL = 0;
				GCC_PREPROCESSOR_DEFINITIONS = (
					"DEBUG=1",
					"$(inherited)",
				);
				GCC_WARN_64_TO_32_BIT_CONVERSION = YES;
				GCC_WARN_ABOUT_RETURN_TYPE = YES_ERROR;
				GCC_WARN_UNDECLARED_SELECTOR = YES;
				GCC_WARN_UNINITIALIZED_AUTOS = YES_AGGRESSIVE;
				GCC_WARN_UNUSED_FUNCTION = YES;
				GCC_WARN_UNUSED_VARIABLE = YES;
				IPHONEOS_DEPLOYMENT_TARGET = 15.0;
				MTL_ENABLE_DEBUG_INFO = INCLUDE_SOURCE;
				MTL_FAST_MATH = YES;
				ONLY_ACTIVE_ARCH = YES;
				SDKROOT = iphoneos;
				SWIFT_ACTIVE_COMPILATION_CONDITIONS = DEBUG;
				SWIFT_OPTIMIZATION_LEVEL = "-Onone";
			};
			name = Debug;
		};
		A549906B27AE871900C2B535 /* Release */ = {
			isa = XCBuildConfiguration;
			buildSettings = {
				ALWAYS_SEARCH_USER_PATHS = NO;
				CLANG_ANALYZER_NONNULL = YES;
				CLANG_ANALYZER_NUMBER_OBJECT_CONVERSION = YES_AGGRESSIVE;
				CLANG_CXX_LANGUAGE_STANDARD = "gnu++17";
				CLANG_CXX_LIBRARY = "libc++";
				CLANG_ENABLE_MODULES = YES;
				CLANG_ENABLE_OBJC_ARC = YES;
				CLANG_ENABLE_OBJC_WEAK = YES;
				CLANG_WARN_BLOCK_CAPTURE_AUTORELEASING = YES;
				CLANG_WARN_BOOL_CONVERSION = YES;
				CLANG_WARN_COMMA = YES;
				CLANG_WARN_CONSTANT_CONVERSION = YES;
				CLANG_WARN_DEPRECATED_OBJC_IMPLEMENTATIONS = YES;
				CLANG_WARN_DIRECT_OBJC_ISA_USAGE = YES_ERROR;
				CLANG_WARN_DOCUMENTATION_COMMENTS = YES;
				CLANG_WARN_EMPTY_BODY = YES;
				CLANG_WARN_ENUM_CONVERSION = YES;
				CLANG_WARN_INFINITE_RECURSION = YES;
				CLANG_WARN_INT_CONVERSION = YES;
				CLANG_WARN_NON_LITERAL_NULL_CONVERSION = YES;
				CLANG_WARN_OBJC_IMPLICIT_RETAIN_SELF = YES;
				CLANG_WARN_OBJC_LITERAL_CONVERSION = YES;
				CLANG_WARN_OBJC_ROOT_CLASS = YES_ERROR;
				CLANG_WARN_QUOTED_INCLUDE_IN_FRAMEWORK_HEADER = YES;
				CLANG_WARN_RANGE_LOOP_ANALYSIS = YES;
				CLANG_WARN_STRICT_PROTOTYPES = YES;
				CLANG_WARN_SUSPICIOUS_MOVE = YES;
				CLANG_WARN_UNGUARDED_AVAILABILITY = YES_AGGRESSIVE;
				CLANG_WARN_UNREACHABLE_CODE = YES;
				CLANG_WARN__DUPLICATE_METHOD_MATCH = YES;
				COPY_PHASE_STRIP = NO;
				DEBUG_INFORMATION_FORMAT = "dwarf-with-dsym";
				ENABLE_NS_ASSERTIONS = NO;
				ENABLE_STRICT_OBJC_MSGSEND = YES;
				GCC_C_LANGUAGE_STANDARD = gnu11;
				GCC_NO_COMMON_BLOCKS = YES;
				GCC_WARN_64_TO_32_BIT_CONVERSION = YES;
				GCC_WARN_ABOUT_RETURN_TYPE = YES_ERROR;
				GCC_WARN_UNDECLARED_SELECTOR = YES;
				GCC_WARN_UNINITIALIZED_AUTOS = YES_AGGRESSIVE;
				GCC_WARN_UNUSED_FUNCTION = YES;
				GCC_WARN_UNUSED_VARIABLE = YES;
				IPHONEOS_DEPLOYMENT_TARGET = 15.0;
				MTL_ENABLE_DEBUG_INFO = NO;
				MTL_FAST_MATH = YES;
				SDKROOT = iphoneos;
				SWIFT_COMPILATION_MODE = wholemodule;
				SWIFT_OPTIMIZATION_LEVEL = "-O";
				VALIDATE_PRODUCT = YES;
			};
			name = Release;
		};
		A549906D27AE871900C2B535 /* Debug */ = {
			isa = XCBuildConfiguration;
			buildSettings = {
				ASSETCATALOG_COMPILER_APPICON_NAME = AppIcon;
				ASSETCATALOG_COMPILER_GLOBAL_ACCENT_COLOR_NAME = AccentColor;
				CODE_SIGN_STYLE = Automatic;
				CURRENT_PROJECT_VERSION = 1;
				DEVELOPMENT_TEAM = GKFU9Y75H8;
				GENERATE_INFOPLIST_FILE = YES;
				INFOPLIST_FILE = Messenger/Info.plist;
				INFOPLIST_KEY_UIApplicationSupportsIndirectInputEvents = YES;
				INFOPLIST_KEY_UILaunchStoryboardName = LaunchScreen;
				INFOPLIST_KEY_UIMainStoryboardFile = Main;
				INFOPLIST_KEY_UISupportedInterfaceOrientations = UIInterfaceOrientationPortrait;
				INFOPLIST_KEY_UISupportedInterfaceOrientations_iPad = "UIInterfaceOrientationPortrait UIInterfaceOrientationPortraitUpsideDown UIInterfaceOrientationLandscapeLeft UIInterfaceOrientationLandscapeRight";
				INFOPLIST_KEY_UISupportedInterfaceOrientations_iPhone = "UIInterfaceOrientationPortrait UIInterfaceOrientationLandscapeLeft UIInterfaceOrientationLandscapeRight";
				IPHONEOS_DEPLOYMENT_TARGET = 13.0;
				LD_RUNPATH_SEARCH_PATHS = (
					"$(inherited)",
					"@executable_path/Frameworks",
				);
				MARKETING_VERSION = 1.0;
				PRODUCT_BUNDLE_IDENTIFIER = DG.Messenger;
				PRODUCT_NAME = "$(TARGET_NAME)";
				SWIFT_EMIT_LOC_STRINGS = YES;
				SWIFT_VERSION = 5.0;
				TARGETED_DEVICE_FAMILY = "1,2";
			};
			name = Debug;
		};
		A549906E27AE871900C2B535 /* Release */ = {
			isa = XCBuildConfiguration;
			buildSettings = {
				ASSETCATALOG_COMPILER_APPICON_NAME = AppIcon;
				ASSETCATALOG_COMPILER_GLOBAL_ACCENT_COLOR_NAME = AccentColor;
				CODE_SIGN_STYLE = Automatic;
				CURRENT_PROJECT_VERSION = 1;
				DEVELOPMENT_TEAM = GKFU9Y75H8;
				GENERATE_INFOPLIST_FILE = YES;
				INFOPLIST_FILE = Messenger/Info.plist;
				INFOPLIST_KEY_UIApplicationSupportsIndirectInputEvents = YES;
				INFOPLIST_KEY_UILaunchStoryboardName = LaunchScreen;
				INFOPLIST_KEY_UIMainStoryboardFile = Main;
				INFOPLIST_KEY_UISupportedInterfaceOrientations = UIInterfaceOrientationPortrait;
				INFOPLIST_KEY_UISupportedInterfaceOrientations_iPad = "UIInterfaceOrientationPortrait UIInterfaceOrientationPortraitUpsideDown UIInterfaceOrientationLandscapeLeft UIInterfaceOrientationLandscapeRight";
				INFOPLIST_KEY_UISupportedInterfaceOrientations_iPhone = "UIInterfaceOrientationPortrait UIInterfaceOrientationLandscapeLeft UIInterfaceOrientationLandscapeRight";
				IPHONEOS_DEPLOYMENT_TARGET = 13.0;
				LD_RUNPATH_SEARCH_PATHS = (
					"$(inherited)",
					"@executable_path/Frameworks",
				);
				MARKETING_VERSION = 1.0;
				PRODUCT_BUNDLE_IDENTIFIER = DG.Messenger;
				PRODUCT_NAME = "$(TARGET_NAME)";
				SWIFT_EMIT_LOC_STRINGS = YES;
				SWIFT_VERSION = 5.0;
				TARGETED_DEVICE_FAMILY = "1,2";
			};
			name = Release;
		};
/* End XCBuildConfiguration section */

/* Begin XCConfigurationList section */
		A549905327AE871000C2B535 /* Build configuration list for PBXProject "Messenger" */ = {
			isa = XCConfigurationList;
			buildConfigurations = (
				A549906A27AE871900C2B535 /* Debug */,
				A549906B27AE871900C2B535 /* Release */,
			);
			defaultConfigurationIsVisible = 0;
			defaultConfigurationName = Release;
		};
		A549906C27AE871900C2B535 /* Build configuration list for PBXNativeTarget "Messenger" */ = {
			isa = XCConfigurationList;
			buildConfigurations = (
				A549906D27AE871900C2B535 /* Debug */,
				A549906E27AE871900C2B535 /* Release */,
			);
			defaultConfigurationIsVisible = 0;
			defaultConfigurationName = Release;
		};
/* End XCConfigurationList section */
	};
	rootObject = A549905027AE871000C2B535 /* Project object */;
}
